
Microsoft Visual Studio Solution File, Format Version 12.00
# Visual Studio 2012
Project("{8BC9CEB8-8B4A-11D0-8D11-00A0C91BC942}") = "StudentFramework", "StudentFramework\StudentFramework.vcxproj", "{DA5937D2-2AC1-41C4-89DD-C56A36A7EEBB}"
EndProject
Global
	GlobalSection(SolutionConfigurationPlatforms) = preSolution
		Debug|Win32 = Debug|Win32
		Release|Win32 = Release|Win32
	EndGlobalSection
	GlobalSection(ProjectConfigurationPlatforms) = postSolution
		{DA5937D2-2AC1-41C4-89DD-C56A36A7EEBB}.Debug|Win32.ActiveCfg = Debug|Win32
		{DA5937D2-2AC1-41C4-89DD-C56A36A7EEBB}.Debug|Win32.Build.0 = Debug|Win32
		{DA5937D2-2AC1-41C4-89DD-C56A36A7EEBB}.Release|Win32.ActiveCfg = Release|Win32
		{DA5937D2-2AC1-41C4-89DD-C56A36A7EEBB}.Release|Win32.Build.0 = Release|Win32
	EndGlobalSection
	GlobalSection(SolutionProperties) = preSolution
		HideSolutionNode = FALSE
	EndGlobalSection
EndGlobal
